
Microsoft Visual Studio Solution File, Format Version 12.00
# Visual Studio Version 17
VisualStudioVersion = 17.9.34714.143
MinimumVisualStudioVersion = 10.0.40219.1
Project("{FAE04EC0-301F-11D3-BF4B-00C04F79EFBC}") = "Exercicio1", "Exercicio1.csproj", "{61A43868-5A31-496D-AD0E-9D0EA937E2DC}"
EndProject
Global
	GlobalSection(SolutionConfigurationPlatforms) = preSolution
		Debug|Any CPU = Debug|Any CPU
		Release|Any CPU = Release|Any CPU
	EndGlobalSection
	GlobalSection(ProjectConfigurationPlatforms) = postSolution
		{61A43868-5A31-496D-AD0E-9D0EA937E2DC}.Debug|Any CPU.ActiveCfg = Debug|Any CPU
		{61A43868-5A31-496D-AD0E-9D0EA937E2DC}.Debug|Any CPU.Build.0 = Debug|Any CPU
		{61A43868-5A31-496D-AD0E-9D0EA937E2DC}.Release|Any CPU.ActiveCfg = Release|Any CPU
		{61A43868-5A31-496D-AD0E-9D0EA937E2DC}.Release|Any CPU.Build.0 = Release|Any CPU
	EndGlobalSection
	GlobalSection(SolutionProperties) = preSolution
		HideSolutionNode = FALSE
	EndGlobalSection
	GlobalSection(ExtensibilityGlobals) = postSolution
		SolutionGuid = {2EF780D2-6F1E-46A1-BA01-1ECD6725718B}
	EndGlobalSection
EndGlobal
